
Microsoft Visual Studio Solution File, Format Version 12.00
# Visual Studio 2015
Project("{FAE04EC0-301F-11D3-BF4B-00C04F79EFBC}") = "MarisCornMaze.CSharp", "MarisCornMaze.CSharp.csproj", "{4112CA2E-C65B-AA08-93A9-57564C2687BC}"
EndProject
Project("{FAE04EC0-301F-11D3-BF4B-00C04F79EFBC}") = "MarisCornMaze.CSharp.Editor", "MarisCornMaze.CSharp.Editor.csproj", "{2AAE89B5-451F-7588-AF52-30EF9826873C}"
EndProject
Global
	GlobalSection(SolutionConfigurationPlatforms) = preSolution
		Debug|Any CPU = Debug|Any CPU
		Release|Any CPU = Release|Any CPU
	EndGlobalSection
	GlobalSection(ProjectConfigurationPlatforms) = postSolution
		{4112CA2E-C65B-AA08-93A9-57564C2687BC}.Debug|Any CPU.ActiveCfg = Debug|Any CPU
		{4112CA2E-C65B-AA08-93A9-57564C2687BC}.Debug|Any CPU.Build.0 = Debug|Any CPU
		{4112CA2E-C65B-AA08-93A9-57564C2687BC}.Release|Any CPU.ActiveCfg = Release|Any CPU
		{4112CA2E-C65B-AA08-93A9-57564C2687BC}.Release|Any CPU.Build.0 = Release|Any CPU
		{2AAE89B5-451F-7588-AF52-30EF9826873C}.Debug|Any CPU.ActiveCfg = Debug|Any CPU
		{2AAE89B5-451F-7588-AF52-30EF9826873C}.Debug|Any CPU.Build.0 = Debug|Any CPU
		{2AAE89B5-451F-7588-AF52-30EF9826873C}.Release|Any CPU.ActiveCfg = Release|Any CPU
		{2AAE89B5-451F-7588-AF52-30EF9826873C}.Release|Any CPU.Build.0 = Release|Any CPU
	EndGlobalSection
	GlobalSection(SolutionProperties) = preSolution
		HideSolutionNode = FALSE
	EndGlobalSection
EndGlobal
